
Microsoft Visual Studio Solution File, Format Version 12.00
# Visual Studio Version 16
VisualStudioVersion = 16.0.29905.134
MinimumVisualStudioVersion = 10.0.40219.1
Project("{FAE04EC0-301F-11D3-BF4B-00C04F79EFBC}") = "DreamWizardsTableScheduler", "DreamWizardsTableScheduler\DreamWizardsTableScheduler.csproj", "{E42BB143-8246-44F9-9F67-56DD81E9F383}"
EndProject
Global
	GlobalSection(SolutionConfigurationPlatforms) = preSolution
		Debug|Any CPU = Debug|Any CPU
		Release|Any CPU = Release|Any CPU
	EndGlobalSection
	GlobalSection(ProjectConfigurationPlatforms) = postSolution
		{E42BB143-8246-44F9-9F67-56DD81E9F383}.Debug|Any CPU.ActiveCfg = Debug|Any CPU
		{E42BB143-8246-44F9-9F67-56DD81E9F383}.Debug|Any CPU.Build.0 = Debug|Any CPU
		{E42BB143-8246-44F9-9F67-56DD81E9F383}.Release|Any CPU.ActiveCfg = Release|Any CPU
		{E42BB143-8246-44F9-9F67-56DD81E9F383}.Release|Any CPU.Build.0 = Release|Any CPU
	EndGlobalSection
	GlobalSection(SolutionProperties) = preSolution
		HideSolutionNode = FALSE
	EndGlobalSection
	GlobalSection(ExtensibilityGlobals) = postSolution
		SolutionGuid = {65A8071D-95BC-4FA3-8DB4-BBB00F497629}
	EndGlobalSection
EndGlobal
